github.com/go-telegram/bot v1.0.1 h1:Rxg5H6WLN36n1YWzw61O/+krbNM12E+d+BowkrFEcWA=
github.com/go-telegram/bot v1.0.1/go.mod h1:i2TRs7fXWIeaceF3z7KzsMt/he0TwkVC680mvdTFYeM=
github.com/joho/godotenv v1.5.1 h1:7eLL/+HRGLY0ldzfGMeQkb7vMd0as4CfYvUVzLqw0N0=
github.com/joho/godotenv v1.5.1/go.mod h1:f4LDr5Voq0i2e/R5DDNOoa2zzDfwtkZa6DnEwAbqwq4=
